version = 1
requires-python = ">=3.12"

[[package]]
name = "asgiref"
version = "3.8.1"
source = { registry = "https://pypi.org/simple" }
sdist = { url = "https://files.pythonhosted.org/packages/29/38/b3395cc9ad1b56d2ddac9970bc8f4141312dbaec28bc7c218b0dfafd0f42/asgiref-3.8.1.tar.gz", hash = "sha256:c343bd80a0bec947a9860adb4c432ffa7db769836c64238fc34bdc3fec84d590", size = 35186 }
wheels = [
    { url = "https://files.pythonhosted.org/packages/39/e3/893e8757be2612e6c266d9bb58ad2e3651524b5b40cf56761e985a28b13e/asgiref-3.8.1-py3-none-any.whl", hash = "sha256:3e1e3ecc849832fe52ccf2cb6686b7a55f82bb1d6aee72a58826471390335e47", size = 23828 },
]

[[package]]
name = "asst"
version = "0.1.0"
source = { virtual = "." }
dependencies = [
    { name = "django" },
    { name = "django-bootstrap5" },
    { name = "django-extensions" },
    { name = "psycopg2" },
    { name = "strawberry-graphql-django" },
]

[package.dev-dependencies]
dev = [
    { name = "ruff" },
]

[package.metadata]
requires-dist = [
    { name = "django", specifier = ">=5.1.4" },
    { name = "django-bootstrap5", specifier = ">=24.3" },
    { name = "django-extensions", specifier = ">=3.2.3" },
    { name = "psycopg2", specifier = ">=2.9.10" },
    { name = "strawberry-graphql-django", specifier = ">=0.52.0" },
]

[package.metadata.requires-dev]
dev = [{ name = "ruff", specifier = ">=0.8.3" }]

[[package]]
name = "django"
version = "5.1.4"
source = { registry = "https://pypi.org/simple" }
dependencies = [
    { name = "asgiref" },
    { name = "sqlparse" },
    { name = "tzdata", marker = "sys_platform == 'win32'" },
]
sdist = { url = "https://files.pythonhosted.org/packages/d3/e8/536555596dbb79f6e77418aeb40bdc1758c26725aba31919ba449e6d5e6a/Django-5.1.4.tar.gz", hash = "sha256:de450c09e91879fa5a307f696e57c851955c910a438a35e6b4c895e86bedc82a", size = 10716397 }
wheels = [
    { url = "https://files.pythonhosted.org/packages/58/0b/8a4ab2c02982df4ed41e29f28f189459a7eba37899438e6bea7f39db793b/Django-5.1.4-py3-none-any.whl", hash = "sha256:236e023f021f5ce7dee5779de7b286565fdea5f4ab86bae5338e3f7b69896cf0", size = 8276471 },
]

[[package]]
name = "django-bootstrap5"
version = "24.3"
source = { registry = "https://pypi.org/simple" }
dependencies = [
    { name = "django" },
]
sdist = { url = "https://files.pythonhosted.org/packages/64/ef/c37f1c2f5a40919217251ad6b2c825bfcec0e8ed5024b5c6df874cbc8caf/django_bootstrap5-24.3.tar.gz", hash = "sha256:ca5ec5568fc2a3fc239f0cb8ce41a7df3802b8c4af930d7f64451784ec7ddc16", size = 54344 }
wheels = [
    { url = "https://files.pythonhosted.org/packages/e8/11/e5ab1d37bae5bd4e10e240c99601f450db618f6d370d75e742f9104778b9/django_bootstrap5-24.3-py3-none-any.whl", hash = "sha256:98f7916f9f7f9c34dfe157f7c062a28ebf6d17ff95307bef260ba794ba34e2a0", size = 26321 },
]

[[package]]
name = "django-extensions"
version = "3.2.3"
source = { registry = "https://pypi.org/simple" }
dependencies = [
    { name = "django" },
]
sdist = { url = "https://files.pythonhosted.org/packages/8a/f1/318684c9466968bf9a9c221663128206e460c1a67f595055be4b284cde8a/django-extensions-3.2.3.tar.gz", hash = "sha256:44d27919d04e23b3f40231c4ab7af4e61ce832ef46d610cc650d53e68328410a", size = 277216 }
wheels = [
    { url = "https://files.pythonhosted.org/packages/a7/7e/ba12b9660642663f5273141018d2bec0a1cae1711f4f6d1093920e157946/django_extensions-3.2.3-py3-none-any.whl", hash = "sha256:9600b7562f79a92cbf1fde6403c04fee314608fefbb595502e34383ae8203401", size = 229868 },
]

[[package]]
name = "graphql-core"
version = "3.2.5"
source = { registry = "https://pypi.org/simple" }
sdist = { url = "https://files.pythonhosted.org/packages/2e/b5/ebc6fe3852e2d2fdaf682dddfc366934f3d2c9ef9b6d1b0e6ca348d936ba/graphql_core-3.2.5.tar.gz", hash = "sha256:e671b90ed653c808715645e3998b7ab67d382d55467b7e2978549111bbabf8d5", size = 504664 }
wheels = [
    { url = "https://files.pythonhosted.org/packages/e3/dc/078bd6b304de790618ebb95e2aedaadb78f4527ac43a9ad8815f006636b6/graphql_core-3.2.5-py3-none-any.whl", hash = "sha256:2f150d5096448aa4f8ab26268567bbfeef823769893b39c1a2e1409590939c8a", size = 203189 },
]

[[package]]
name = "psycopg2"
version = "2.9.10"
source = { registry = "https://pypi.org/simple" }
sdist = { url = "https://files.pythonhosted.org/packages/62/51/2007ea29e605957a17ac6357115d0c1a1b60c8c984951c19419b3474cdfd/psycopg2-2.9.10.tar.gz", hash = "sha256:12ec0b40b0273f95296233e8750441339298e6a572f7039da5b260e3c8b60e11", size = 385672 }
wheels = [
    { url = "https://files.pythonhosted.org/packages/3d/16/4623fad6076448df21c1a870c93a9774ad8a7b4dd1660223b59082dd8fec/psycopg2-2.9.10-cp312-cp312-win32.whl", hash = "sha256:65a63d7ab0e067e2cdb3cf266de39663203d38d6a8ed97f5ca0cb315c73fe067", size = 1025113 },
    { url = "https://files.pythonhosted.org/packages/66/de/baed128ae0fc07460d9399d82e631ea31a1f171c0c4ae18f9808ac6759e3/psycopg2-2.9.10-cp312-cp312-win_amd64.whl", hash = "sha256:4a579d6243da40a7b3182e0430493dbd55950c493d8c68f4eec0b302f6bbf20e", size = 1163951 },
]

[[package]]
name = "python-dateutil"
version = "2.9.0.post0"
source = { registry = "https://pypi.org/simple" }
dependencies = [
    { name = "six" },
]
sdist = { url = "https://files.pythonhosted.org/packages/66/c0/0c8b6ad9f17a802ee498c46e004a0eb49bc148f2fd230864601a86dcf6db/python-dateutil-2.9.0.post0.tar.gz", hash = "sha256:37dd54208da7e1cd875388217d5e00ebd4179249f90fb72437e91a35459a0ad3", size = 342432 }
wheels = [
    { url = "https://files.pythonhosted.org/packages/ec/57/56b9bcc3c9c6a792fcbaf139543cee77261f3651ca9da0c93f5c1221264b/python_dateutil-2.9.0.post0-py2.py3-none-any.whl", hash = "sha256:a8b2bc7bffae282281c8140a97d3aa9c14da0b136dfe83f850eea9a5f7470427", size = 229892 },
]

[[package]]
name = "ruff"
version = "0.8.3"
source = { registry = "https://pypi.org/simple" }
sdist = { url = "https://files.pythonhosted.org/packages/bf/5e/683c7ef7a696923223e7d95ca06755d6e2acbc5fd8382b2912a28008137c/ruff-0.8.3.tar.gz", hash = "sha256:5e7558304353b84279042fc584a4f4cb8a07ae79b2bf3da1a7551d960b5626d3", size = 3378522 }
wheels = [
    { url = "https://files.pythonhosted.org/packages/f8/c4/bfdbb8b9c419ff3b52479af8581026eeaac3764946fdb463dec043441b7d/ruff-0.8.3-py3-none-linux_armv6l.whl", hash = "sha256:8d5d273ffffff0acd3db5bf626d4b131aa5a5ada1276126231c4174543ce20d6", size = 10535860 },
    { url = "https://files.pythonhosted.org/packages/ef/c5/0aabdc9314b4b6f051168ac45227e2aa8e1c6d82718a547455e40c9c9faa/ruff-0.8.3-py3-none-macosx_10_12_x86_64.whl", hash = "sha256:e4d66a21de39f15c9757d00c50c8cdd20ac84f55684ca56def7891a025d7e939", size = 10346327 },
    { url = "https://files.pythonhosted.org/packages/1a/78/4843a59e7e7b398d6019cf91ab06502fd95397b99b2b858798fbab9151f5/ruff-0.8.3-py3-none-macosx_11_0_arm64.whl", hash = "sha256:c356e770811858bd20832af696ff6c7e884701115094f427b64b25093d6d932d", size = 9942585 },
    { url = "https://files.pythonhosted.org/packages/91/5a/642ed8f1ba23ffc2dd347697e01eef3c42fad6ac76603be4a8c3a9d6311e/ruff-0.8.3-py3-none-manylinux_2_17_aarch64.manylinux2014_aarch64.whl", hash = "sha256:9c0a60a825e3e177116c84009d5ebaa90cf40dfab56e1358d1df4e29a9a14b13", size = 10797597 },
    { url = "https://files.pythonhosted.org/packages/30/25/2e654bc7226da09a49730a1a2ea6e89f843b362db80b4b2a7a4f948ac986/ruff-0.8.3-py3-none-manylinux_2_17_armv7l.manylinux2014_armv7l.whl", hash = "sha256:75fb782f4db39501210ac093c79c3de581d306624575eddd7e4e13747e61ba18", size = 10307244 },
    { url = "https://files.pythonhosted.org/packages/c0/2d/a224d56bcd4383583db53c2b8f410ebf1200866984aa6eb9b5a70f04e71f/ruff-0.8.3-py3-none-manylinux_2_17_i686.manylinux2014_i686.whl", hash = "sha256:7f26bc76a133ecb09a38b7868737eded6941b70a6d34ef53a4027e83913b6502", size = 11362439 },
    { url = "https://files.pythonhosted.org/packages/82/01/03e2857f9c371b8767d3e909f06a33bbdac880df17f17f93d6f6951c3381/ruff-0.8.3-py3-none-manylinux_2_17_ppc64.manylinux2014_ppc64.whl", hash = "sha256:01b14b2f72a37390c1b13477c1c02d53184f728be2f3ffc3ace5b44e9e87b90d", size = 12078538 },
    { url = "https://files.pythonhosted.org/packages/af/ae/ff7f97b355da16d748ceec50e1604a8215d3659b36b38025a922e0612e9b/ruff-0.8.3-py3-none-manylinux_2_17_ppc64le.manylinux2014_ppc64le.whl", hash = "sha256:53babd6e63e31f4e96ec95ea0d962298f9f0d9cc5990a1bbb023a6baf2503a82", size = 11616172 },
    { url = "https://files.pythonhosted.org/packages/6a/d0/6156d4d1e53ebd17747049afe801c5d7e3014d9b2f398b9236fe36ba4320/ruff-0.8.3-py3-none-manylinux_2_17_s390x.manylinux2014_s390x.whl", hash = "sha256:1ae441ce4cf925b7f363d33cd6570c51435972d697e3e58928973994e56e1452", size = 12919886 },
    { url = "https://files.pythonhosted.org/packages/4e/84/affcb30bacb94f6036a128ad5de0e29f543d3f67ee42b490b17d68e44b8a/ruff-0.8.3-py3-none-manylinux_2_17_x86_64.manylinux2014_x86_64.whl", hash = "sha256:d7c65bc0cadce32255e93c57d57ecc2cca23149edd52714c0c5d6fa11ec328cd", size = 11212599 },
    { url = "https://files.pythonhosted.org/packages/60/b9/5694716bdefd8f73df7c0104334156c38fb0f77673d2966a5a1345bab94d/ruff-0.8.3-py3-none-musllinux_1_2_aarch64.whl", hash = "sha256:5be450bb18f23f0edc5a4e5585c17a56ba88920d598f04a06bd9fd76d324cb20", size = 10784637 },
    { url = "https://files.pythonhosted.org/packages/24/7e/0e8f835103ac7da81c3663eedf79dec8359e9ae9a3b0d704bae50be59176/ruff-0.8.3-py3-none-musllinux_1_2_armv7l.whl", hash = "sha256:8faeae3827eaa77f5721f09b9472a18c749139c891dbc17f45e72d8f2ca1f8fc", size = 10390591 },
    { url = "https://files.pythonhosted.org/packages/27/da/180ec771fc01c004045962ce017ca419a0281f4bfaf867ed0020f555b56e/ruff-0.8.3-py3-none-musllinux_1_2_i686.whl", hash = "sha256:db503486e1cf074b9808403991663e4277f5c664d3fe237ee0d994d1305bb060", size = 10894298 },
    { url = "https://files.pythonhosted.org/packages/6d/f8/29f241742ed3954eb2222314b02db29f531a15cab3238d1295e8657c5f18/ruff-0.8.3-py3-none-musllinux_1_2_x86_64.whl", hash = "sha256:6567be9fb62fbd7a099209257fef4ad2c3153b60579818b31a23c886ed4147ea", size = 11275965 },
    { url = "https://files.pythonhosted.org/packages/79/e9/5b81dc9afc8a80884405b230b9429efeef76d04caead904bd213f453b973/ruff-0.8.3-py3-none-win32.whl", hash = "sha256:19048f2f878f3ee4583fc6cb23fb636e48c2635e30fb2022b3a1cd293402f964", size = 8807651 },
    { url = "https://files.pythonhosted.org/packages/ea/67/7291461066007617b59a707887b90e319b6a043c79b4d19979f86b7a20e7/ruff-0.8.3-py3-none-win_amd64.whl", hash = "sha256:f7df94f57d7418fa7c3ffb650757e0c2b96cf2501a0b192c18e4fb5571dfada9", size = 9625289 },
    { url = "https://files.pythonhosted.org/packages/03/8f/e4fa95288b81233356d9a9dcaed057e5b0adc6399aa8fd0f6d784041c9c3/ruff-0.8.3-py3-none-win_arm64.whl", hash = "sha256:fe2756edf68ea79707c8d68b78ca9a58ed9af22e430430491ee03e718b5e4936", size = 9078754 },
]

[[package]]
name = "six"
version = "1.17.0"
source = { registry = "https://pypi.org/simple" }
sdist = { url = "https://files.pythonhosted.org/packages/94/e7/b2c673351809dca68a0e064b6af791aa332cf192da575fd474ed7d6f16a2/six-1.17.0.tar.gz", hash = "sha256:ff70335d468e7eb6ec65b95b99d3a2836546063f63acc5171de367e834932a81", size = 34031 }
wheels = [
    { url = "https://files.pythonhosted.org/packages/b7/ce/149a00dd41f10bc29e5921b496af8b574d8413afcd5e30dfa0ed46c2cc5e/six-1.17.0-py2.py3-none-any.whl", hash = "sha256:4721f391ed90541fddacab5acf947aa0d3dc7d27b2e1e8eda2be8970586c3274", size = 11050 },
]

[[package]]
name = "sqlparse"
version = "0.5.3"
source = { registry = "https://pypi.org/simple" }
sdist = { url = "https://files.pythonhosted.org/packages/e5/40/edede8dd6977b0d3da179a342c198ed100dd2aba4be081861ee5911e4da4/sqlparse-0.5.3.tar.gz", hash = "sha256:09f67787f56a0b16ecdbde1bfc7f5d9c3371ca683cfeaa8e6ff60b4807ec9272", size = 84999 }
wheels = [
    { url = "https://files.pythonhosted.org/packages/a9/5c/bfd6bd0bf979426d405cc6e71eceb8701b148b16c21d2dc3c261efc61c7b/sqlparse-0.5.3-py3-none-any.whl", hash = "sha256:cf2196ed3418f3ba5de6af7e82c694a9fbdbfecccdfc72e281548517081f16ca", size = 44415 },
]

[[package]]
name = "strawberry-graphql"
version = "0.254.0"
source = { registry = "https://pypi.org/simple" }
dependencies = [
    { name = "graphql-core" },
    { name = "python-dateutil" },
    { name = "typing-extensions" },
]
sdist = { url = "https://files.pythonhosted.org/packages/26/c2/1287f14fbfe4354f700504449a5a09a7c206c7e0952c7d8ea5a8322b58aa/strawberry_graphql-0.254.0.tar.gz", hash = "sha256:f0a5229d71ea09b5648e38c474c1a1185751ba7e3fdd9c59d5615f34d668a21f", size = 208264 }
wheels = [
    { url = "https://files.pythonhosted.org/packages/fc/bb/010445c1412e0833c2678ed5c356ca2d6ed86060699019a7d9a9c9c29056/strawberry_graphql-0.254.0-py3-none-any.whl", hash = "sha256:1bb98982d55cf09ebea4db0f77b65db1625a7dc2e33c7ce2139f8879e91d95a7", size = 295502 },
]

[[package]]
name = "strawberry-graphql-django"
version = "0.52.0"
source = { registry = "https://pypi.org/simple" }
dependencies = [
    { name = "asgiref" },
    { name = "django" },
    { name = "strawberry-graphql" },
]
sdist = { url = "https://files.pythonhosted.org/packages/4d/a0/be3065f0811ea47c50e4393ae5d0cd6992800590c5b57d879c70cf1e0754/strawberry_graphql_django-0.52.0.tar.gz", hash = "sha256:ac43b876f9c5c35bcdc35fb4516e0cb86756a989f40108293e5a532b1a156d33", size = 76691 }
wheels = [
    { url = "https://files.pythonhosted.org/packages/fc/b7/838750effdff0adc83074dffbf38827fff0f2342b10202bb02aa73f8169c/strawberry_graphql_django-0.52.0-py3-none-any.whl", hash = "sha256:11c5c19e33a956d570fc901c24a65591bfa15f726b093afc2b14f447cb44632d", size = 92885 },
]

[[package]]
name = "typing-extensions"
version = "4.12.2"
source = { registry = "https://pypi.org/simple" }
sdist = { url = "https://files.pythonhosted.org/packages/df/db/f35a00659bc03fec321ba8bce9420de607a1d37f8342eee1863174c69557/typing_extensions-4.12.2.tar.gz", hash = "sha256:1a7ead55c7e559dd4dee8856e3a88b41225abfe1ce8df57b7c13915fe121ffb8", size = 85321 }
wheels = [
    { url = "https://files.pythonhosted.org/packages/26/9f/ad63fc0248c5379346306f8668cda6e2e2e9c95e01216d2b8ffd9ff037d0/typing_extensions-4.12.2-py3-none-any.whl", hash = "sha256:04e5ca0351e0f3f85c6853954072df659d0d13fac324d0072316b67d7794700d", size = 37438 },
]

[[package]]
name = "tzdata"
version = "2024.2"
source = { registry = "https://pypi.org/simple" }
sdist = { url = "https://files.pythonhosted.org/packages/e1/34/943888654477a574a86a98e9896bae89c7aa15078ec29f490fef2f1e5384/tzdata-2024.2.tar.gz", hash = "sha256:7d85cc416e9382e69095b7bdf4afd9e3880418a2413feec7069d533d6b4e31cc", size = 193282 }
wheels = [
    { url = "https://files.pythonhosted.org/packages/a6/ab/7e5f53c3b9d14972843a647d8d7a853969a58aecc7559cb3267302c94774/tzdata-2024.2-py2.py3-none-any.whl", hash = "sha256:a48093786cdcde33cad18c2555e8532f34422074448fbc874186f0abd79565cd", size = 346586 },
]
